// !$*UTF8*$!
{
	archiveVersion = 1;
	classes = {
	};
	objectVersion = 50;
	objects = {

/* Begin PBXBuildFile section */
		D7BABDAF217758C4008A71FD /* AppDelegate.swift in Sources */ = {isa = PBXBuildFile; fileRef = D7BABDAE217758C4008A71FD /* AppDelegate.swift */; };
		D7BABDB1217758C4008A71FD /* ViewController.swift in Sources */ = {isa = PBXBuildFile; fileRef = D7BABDB0217758C4008A71FD /* ViewController.swift */; };
		D7BABDB4217758C4008A71FD /* Main.storyboard in Resources */ = {isa = PBXBuildFile; fileRef = D7BABDB2217758C4008A71FD /* Main.storyboard */; };
		D7BABDB6217758C5008A71FD /* Assets.xcassets in Resources */ = {isa = PBXBuildFile; fileRef = D7BABDB5217758C5008A71FD /* Assets.xcassets */; };
		D7BABDB9217758C5008A71FD /* LaunchScreen.storyboard in Resources */ = {isa = PBXBuildFile; fileRef = D7BABDB7217758C5008A71FD /* LaunchScreen.storyboard */; };
/* End PBXBuildFile section */

/* Begin PBXFileReference section */
		D7BABDAB217758C4008A71FD /* Signal Strength.app */ = {isa = PBXFileReference; explicitFileType = wrapper.application; includeInIndex = 0; path = "Signal Strength.app"; sourceTree = BUILT_PRODUCTS_DIR; };
		D7BABDAE217758C4008A71FD /* AppDelegate.swift */ = {isa = PBXFileReference; lastKnownFileType = sourcecode.swift; path = AppDelegate.swift; sourceTree = "<group>"; };
		D7BABDB0217758C4008A71FD /* ViewController.swift */ = {isa = PBXFileReference; lastKnownFileType = sourcecode.swift; path = ViewController.swift; sourceTree = "<group>"; };
		D7BABDB3217758C4008A71FD /* Base */ = {isa = PBXFileReference; lastKnownFileType = file.storyboard; name = Base; path = Base.lproj/Main.storyboard; sourceTree = "<group>"; };
		D7BABDB5217758C5008A71FD /* Assets.xcassets */ = {isa = PBXFileReference; lastKnownFileType = folder.assetcatalog; path = Assets.xcassets; sourceTree = "<group>"; };
		D7BABDB8217758C5008A71FD /* Base */ = {isa = PBXFileReference; lastKnownFileType = file.storyboard; name = Base; path = Base.lproj/LaunchScreen.storyboard; sourceTree = "<group>"; };
		D7BABDBA217758C5008A71FD /* Info.plist */ = {isa = PBXFileReference; lastKnownFileType = text.plist.xml; path = Info.plist; sourceTree = "<group>"; };
/* End PBXFileReference section */

/* Begin PBXFrameworksBuildPhase section */
		D7BABDA8217758C4008A71FD /* Frameworks */ = {
			isa = PBXFrameworksBuildPhase;
			buildActionMask = 2147483647;
			files = (
			);
			runOnlyForDeploymentPostprocessing = 0;
		};
/* End PBXFrameworksBuildPhase section */

/* Begin PBXGroup section */
		D7BABDA2217758C4008A71FD = {
			isa = PBXGroup;
			children = (
				D7BABDAD217758C4008A71FD /* Signal Strength */,
				D7BABDAC217758C4008A71FD /* Products */,
			);
			sourceTree = "<group>";
		};
		D7BABDAC217758C4008A71FD /* Products */ = {
			isa = PBXGroup;
			children = (
				D7BABDAB217758C4008A71FD /* Signal Strength.app */,
			);
			name = Products;
			sourceTree = "<group>";
		};
		D7BABDAD217758C4008A71FD /* Signal Strength */ = {
			isa = PBXGroup;
			children = (
				D7BABDAE217758C4008A71FD /* AppDelegate.swift */,
				D7BABDB0217758C4008A71FD /* ViewController.swift */,
				D7BABDB2217758C4008A71FD /* Main.storyboard */,
				D7BABDB5217758C5008A71FD /* Assets.xcassets */,
				D7BABDB7217758C5008A71FD /* LaunchScreen.storyboard */,
				D7BABDBA217758C5008A71FD /* Info.plist */,
			);
			path = "Signal Strength";
			sourceTree = "<group>";
		};
/* End PBXGroup section */

/* Begin PBXNativeTarget section */
		D7BABDAA217758C4008A71FD /* Signal Strength */ = {
			isa = PBXNativeTarget;
			buildConfigurationList = D7BABDBD217758C5008A71FD /* Build configuration list for PBXNativeTarget "Signal Strength" */;
			buildPhases = (
				D7BABDA7217758C4008A71FD /* Sources */,
				D7BABDA8217758C4008A71FD /* Frameworks */,
				D7BABDA9217758C4008A71FD /* Resources */,
			);
			buildRules = (
			);
			dependencies = (
			);
			name = "Signal Strength";
			productName = "Signal Strength";
			productReference = D7BABDAB217758C4008A71FD /* Signal Strength.app */;
			productType = "com.apple.product-type.application";
		};
/* End PBXNativeTarget section */

/* Begin PBXProject section */
		D7BABDA3217758C4008A71FD /* Project object */ = {
			isa = PBXProject;
			attributes = {
				LastSwiftUpdateCheck = 1000;
				LastUpgradeCheck = 1000;
				ORGANIZATIONNAME = "Christiaan Quyn";
				TargetAttributes = {
					D7BABDAA217758C4008A71FD = {
						CreatedOnToolsVersion = 10.0;
					};
				};
			};
			buildConfigurationList = D7BABDA6217758C4008A71FD /* Build configuration list for PBXProject "Signal Strength" */;
			compatibilityVersion = "Xcode 9.3";
			developmentRegion = en;
			hasScannedForEncodings = 0;
			knownRegions = (
				en,
				Base,
			);
			mainGroup = D7BABDA2217758C4008A71FD;
			productRefGroup = D7BABDAC217758C4008A71FD /* Products */;
			projectDirPath = "";
			projectRoot = "";
			targets = (
				D7BABDAA217758C4008A71FD /* Signal Strength */,
			);
		};
/* End PBXProject section */

/* Begin PBXResourcesBuildPhase section */
		D7BABDA9217758C4008A71FD /* Resources */ = {
			isa = PBXResourcesBuildPhase;
			buildActionMask = 2147483647;
			files = (
				D7BABDB9217758C5008A71FD /* LaunchScreen.storyboard in Resources */,
				D7BABDB6217758C5008A71FD /* Assets.xcassets in Resources */,
				D7BABDB4217758C4008A71FD /* Main.storyboard in Resources */,
			);
			runOnlyForDeploymentPostprocessing = 0;
		};
/* End PBXResourcesBuildPhase section */

/* Begin PBXSourcesBuildPhase section */
		D7BABDA7217758C4008A71FD /* Sources */ = {
			isa = PBXSourcesBuildPhase;
			buildActionMask = 2147483647;
			files = (
				D7BABDB1217758C4008A71FD /* ViewController.swift in Sources */,
				D7BABDAF217758C4008A71FD /* AppDelegate.swift in Sources */,
			);
			runOnlyForDeploymentPostprocessing = 0;
		};
/* End PBXSourcesBuildPhase section */

/* Begin PBXVariantGroup section */
		D7BABDB2217758C4008A71FD /* Main.storyboard */ = {
			isa = PBXVariantGroup;
			children = (
				D7BABDB3217758C4008A71FD /* Base */,
			);
			name = Main.storyboard;
			sourceTree = "<group>";
		};
		D7BABDB7217758C5008A71FD /* LaunchScreen.storyboard */ = {
			isa = PBXVariantGroup;
			children = (
				D7BABDB8217758C5008A71FD /* Base */,
			);
			name = LaunchScreen.storyboard;
			sourceTree = "<group>";
		};
/* End PBXVariantGroup section */

/* Begin XCBuildConfiguration section */
		D7BABDBB217758C5008A71FD /* Debug */ = {
			isa = XCBuildConfiguration;
			buildSettings = {
				ALWAYS_SEARCH_USER_PATHS = NO;
				CLANG_ANALYZER_NONNULL = YES;
				CLANG_ANALYZER_NUMBER_OBJECT_CONVERSION = YES_AGGRESSIVE;
				CLANG_CXX_LANGUAGE_STANDARD = "gnu++14";
				CLANG_CXX_LIBRARY = "libc++";
				CLANG_ENABLE_MODULES = YES;
				CLANG_ENABLE_OBJC_ARC = YES;
				CLANG_ENABLE_OBJC_WEAK = YES;
				CLANG_WARN_BLOCK_CAPTURE_AUTORELEASING = YES;
				CLANG_WARN_BOOL_CONVERSION = YES;
				CLANG_WARN_COMMA = YES;
				CLANG_WARN_CONSTANT_CONVERSION = YES;
				CLANG_WARN_DEPRECATED_OBJC_IMPLEMENTATIONS = YES;
				CLANG_WARN_DIRECT_OBJC_ISA_USAGE = YES_ERROR;
				CLANG_WARN_DOCUMENTATION_COMMENTS = YES;
				CLANG_WARN_EMPTY_BODY = YES;
				CLANG_WARN_ENUM_CONVERSION = YES;
				CLANG_WARN_INFINITE_RECURSION = YES;
				CLANG_WARN_INT_CONVERSION = YES;
				CLANG_WARN_NON_LITERAL_NULL_CONVERSION = YES;
				CLANG_WARN_OBJC_IMPLICIT_RETAIN_SELF = YES;
				CLANG_WARN_OBJC_LITERAL_CONVERSION = YES;
				CLANG_WARN_OBJC_ROOT_CLASS = YES_ERROR;
				CLANG_WARN_RANGE_LOOP_ANALYSIS = YES;
				CLANG_WARN_STRICT_PROTOTYPES = YES;
				CLANG_WARN_SUSPICIOUS_MOVE = YES;
				CLANG_WARN_UNGUARDED_AVAILABILITY = YES_AGGRESSIVE;
				CLANG_WARN_UNREACHABLE_CODE = YES;
				CLANG_WARN__DUPLICATE_METHOD_MATCH = YES;
				CODE_SIGN_IDENTITY = "iPhone Developer";
				COPY_PHASE_STRIP = NO;
				DEBUG_INFORMATION_FORMAT = dwarf;
				ENABLE_STRICT_OBJC_MSGSEND = YES;
				ENABLE_TESTABILITY = YES;
				GCC_C_LANGUAGE_STANDARD = gnu11;
				GCC_DYNAMIC_NO_PIC = NO;
				GCC_NO_COMMON_BLOCKS = YES;
				GCC_OPTIMIZATION_LEVEL = 0;
				GCC_PREPROCESSOR_DEFINITIONS = (
					"DEBUG=1",
					"$(inherited)",
				);
				GCC_WARN_64_TO_32_BIT_CONVERSION = YES;
				GCC_WARN_ABOUT_RETURN_TYPE = YES_ERROR;
				GCC_WARN_UNDECLARED_SELECTOR = YES;
				GCC_WARN_UNINITIALIZED_AUTOS = YES_AGGRESSIVE;
				GCC_WARN_UNUSED_FUNCTION = YES;
				GCC_WARN_UNUSED_VARIABLE = YES;
				IPHONEOS_DEPLOYMENT_TARGET = 12.0;
				MTL_ENABLE_DEBUG_INFO = INCLUDE_SOURCE;
				MTL_FAST_MATH = YES;
				ONLY_ACTIVE_ARCH = YES;
				SDKROOT = iphoneos;
				SWIFT_ACTIVE_COMPILATION_CONDITIONS = DEBUG;
				SWIFT_OPTIMIZATION_LEVEL = "-Onone";
			};
			name = Debug;
		};
		D7BABDBC217758C5008A71FD /* Release */ = {
			isa = XCBuildConfiguration;
			buildSettings = {
				ALWAYS_SEARCH_USER_PATHS = NO;
				CLANG_ANALYZER_NONNULL = YES;
				CLANG_ANALYZER_NUMBER_OBJECT_CONVERSION = YES_AGGRESSIVE;
				CLANG_CXX_LANGUAGE_STANDARD = "gnu++14";
				CLANG_CXX_LIBRARY = "libc++";
				CLANG_ENABLE_MODULES = YES;
				CLANG_ENABLE_OBJC_ARC = YES;
				CLANG_ENABLE_OBJC_WEAK = YES;
				CLANG_WARN_BLOCK_CAPTURE_AUTORELEASING = YES;
				CLANG_WARN_BOOL_CONVERSION = YES;
				CLANG_WARN_COMMA = YES;
				CLANG_WARN_CONSTANT_CONVERSION = YES;
				CLANG_WARN_DEPRECATED_OBJC_IMPLEMENTATIONS = YES;
				CLANG_WARN_DIRECT_OBJC_ISA_USAGE = YES_ERROR;
				CLANG_WARN_DOCUMENTATION_COMMENTS = YES;
				CLANG_WARN_EMPTY_BODY = YES;
				CLANG_WARN_ENUM_CONVERSION = YES;
				CLANG_WARN_INFINITE_RECURSION = YES;
				CLANG_WARN_INT_CONVERSION = YES;
				CLANG_WARN_NON_LITERAL_NULL_CONVERSION = YES;
				CLANG_WARN_OBJC_IMPLICIT_RETAIN_SELF = YES;
				CLANG_WARN_OBJC_LITERAL_CONVERSION = YES;
				CLANG_WARN_OBJC_ROOT_CLASS = YES_ERROR;
				CLANG_WARN_RANGE_LOOP_ANALYSIS = YES;
				CLANG_WARN_STRICT_PROTOTYPES = YES;
				CLANG_WARN_SUSPICIOUS_MOVE = YES;
				CLANG_WARN_UNGUARDED_AVAILABILITY = YES_AGGRESSIVE;
				CLANG_WARN_UNREACHABLE_CODE = YES;
				CLANG_WARN__DUPLICATE_METHOD_MATCH = YES;
				CODE_SIGN_IDENTITY = "iPhone Developer";
				COPY_PHASE_STRIP = NO;
				DEBUG_INFORMATION_FORMAT = "dwarf-with-dsym";
				ENABLE_NS_ASSERTIONS = NO;
				ENABLE_STRICT_OBJC_MSGSEND = YES;
				GCC_C_LANGUAGE_STANDARD = gnu11;
				GCC_NO_COMMON_BLOCKS = YES;
				GCC_WARN_64_TO_32_BIT_CONVERSION = YES;
				GCC_WARN_ABOUT_RETURN_TYPE = YES_ERROR;
				GCC_WARN_UNDECLARED_SELECTOR = YES;
				GCC_WARN_UNINITIALIZED_AUTOS = YES_AGGRESSIVE;
				GCC_WARN_UNUSED_FUNCTION = YES;
				GCC_WARN_UNUSED_VARIABLE = YES;
				IPHONEOS_DEPLOYMENT_TARGET = 12.0;
				MTL_ENABLE_DEBUG_INFO = NO;
				MTL_FAST_MATH = YES;
				SDKROOT = iphoneos;
				SWIFT_COMPILATION_MODE = wholemodule;
				SWIFT_OPTIMIZATION_LEVEL = "-O";
				VALIDATE_PRODUCT = YES;
			};
			name = Release;
		};
		D7BABDBE217758C5008A71FD /* Debug */ = {
			isa = XCBuildConfiguration;
			buildSettings = {
				ASSETCATALOG_COMPILER_APPICON_NAME = AppIcon;
				CODE_SIGN_STYLE = Automatic;
				DEVELOPMENT_TEAM = 6NC45L45SN;
				INFOPLIST_FILE = "Signal Strength/Info.plist";
				LD_RUNPATH_SEARCH_PATHS = (
					"$(inherited)",
					"@executable_path/Frameworks",
				);
				PRODUCT_BUNDLE_IDENTIFIER = "com.chrisquyn.Signal-Strength";
				PRODUCT_NAME = "$(TARGET_NAME)";
				SWIFT_VERSION = 4.2;
				TARGETED_DEVICE_FAMILY = "1,2";
			};
			name = Debug;
		};
		D7BABDBF217758C5008A71FD /* Release */ = {
			isa = XCBuildConfiguration;
			buildSettings = {
				ASSETCATALOG_COMPILER_APPICON_NAME = AppIcon;
				CODE_SIGN_STYLE = Automatic;
				DEVELOPMENT_TEAM = 6NC45L45SN;
				INFOPLIST_FILE = "Signal Strength/Info.plist";
				LD_RUNPATH_SEARCH_PATHS = (
					"$(inherited)",
					"@executable_path/Frameworks",
				);
				PRODUCT_BUNDLE_IDENTIFIER = "com.chrisquyn.Signal-Strength";
				PRODUCT_NAME = "$(TARGET_NAME)";
				SWIFT_VERSION = 4.2;
				TARGETED_DEVICE_FAMILY = "1,2";
			};
			name = Release;
		};
/* End XCBuildConfiguration section */

/* Begin XCConfigurationList section */
		D7BABDA6217758C4008A71FD /* Build configuration list for PBXProject "Signal Strength" */ = {
			isa = XCConfigurationList;
			buildConfigurations = (
				D7BABDBB217758C5008A71FD /* Debug */,
				D7BABDBC217758C5008A71FD /* Release */,
			);
			defaultConfigurationIsVisible = 0;
			defaultConfigurationName = Release;
		};
		D7BABDBD217758C5008A71FD /* Build configuration list for PBXNativeTarget "Signal Strength" */ = {
			isa = XCConfigurationList;
			buildConfigurations = (
				D7BABDBE217758C5008A71FD /* Debug */,
				D7BABDBF217758C5008A71FD /* Release */,
			);
			defaultConfigurationIsVisible = 0;
			defaultConfigurationName = Release;
		};
/* End XCConfigurationList section */
	};
	rootObject = D7BABDA3217758C4008A71FD /* Project object */;
}
